// !$*UTF8*$!
{
	archiveVersion = 1;
	classes = {
	};
	objectVersion = 51;
	objects = {

/* Begin PBXBuildFile section */
		45E0D365DDF3CE7AFAFF726A /* Pods_ChessReader.framework in Frameworks */ = {isa = PBXBuildFile; fileRef = 0D6EE6CC0D3694F1358264CA /* Pods_ChessReader.framework */; };
		512750A125CAAD3200E1FF8D /* BordView.swift in Sources */ = {isa = PBXBuildFile; fileRef = 512750A025CAAD3200E1FF8D /* BordView.swift */; };
		5180DFE725C4216200DF9B74 /* Bord.swift in Sources */ = {isa = PBXBuildFile; fileRef = 5180DFE625C4216200DF9B74 /* Bord.swift */; };
		5180DFEC25C42C8900DF9B74 /* Rules.swift in Sources */ = {isa = PBXBuildFile; fileRef = 5180DFEB25C42C8900DF9B74 /* Rules.swift */; };
		518229A025BF092A00974B3F /* AppDelegate.swift in Sources */ = {isa = PBXBuildFile; fileRef = 5182299F25BF092A00974B3F /* AppDelegate.swift */; };
		518229A225BF092A00974B3F /* SceneDelegate.swift in Sources */ = {isa = PBXBuildFile; fileRef = 518229A125BF092A00974B3F /* SceneDelegate.swift */; };
		518229A425BF092A00974B3F /* ContentView.swift in Sources */ = {isa = PBXBuildFile; fileRef = 518229A325BF092A00974B3F /* ContentView.swift */; };
		518229A625BF092E00974B3F /* Assets.xcassets in Resources */ = {isa = PBXBuildFile; fileRef = 518229A525BF092E00974B3F /* Assets.xcassets */; };
		518229A925BF092E00974B3F /* Preview Assets.xcassets in Resources */ = {isa = PBXBuildFile; fileRef = 518229A825BF092E00974B3F /* Preview Assets.xcassets */; };
		518229AC25BF092E00974B3F /* LaunchScreen.storyboard in Resources */ = {isa = PBXBuildFile; fileRef = 518229AA25BF092E00974B3F /* LaunchScreen.storyboard */; };
		518229B725BF092F00974B3F /* ChessReaderTests.swift in Sources */ = {isa = PBXBuildFile; fileRef = 518229B625BF092F00974B3F /* ChessReaderTests.swift */; };
		518229C225BF092F00974B3F /* ChessReaderUITests.swift in Sources */ = {isa = PBXBuildFile; fileRef = 518229C125BF092F00974B3F /* ChessReaderUITests.swift */; };
		51822A1F25C159F500974B3F /* GameListEntry.swift in Sources */ = {isa = PBXBuildFile; fileRef = 51822A1E25C159F400974B3F /* GameListEntry.swift */; };
		51822A2425C15A0B00974B3F /* GameList.swift in Sources */ = {isa = PBXBuildFile; fileRef = 51822A2325C15A0B00974B3F /* GameList.swift */; };
		51822A2925C15D3D00974B3F /* ChessBordView.swift in Sources */ = {isa = PBXBuildFile; fileRef = 51822A2825C15D3D00974B3F /* ChessBordView.swift */; };
		51B80A5B25CAA0130036656F /* ReadGameView.swift in Sources */ = {isa = PBXBuildFile; fileRef = 51B80A5A25CAA0130036656F /* ReadGameView.swift */; };
		51B80A6025CAA0340036656F /* SinglePlayerGameView.swift in Sources */ = {isa = PBXBuildFile; fileRef = 51B80A5F25CAA0340036656F /* SinglePlayerGameView.swift */; };
		51B80A6225CAA04A0036656F /* MultiPlayerGameView.swift in Sources */ = {isa = PBXBuildFile; fileRef = 51B80A6125CAA04A0036656F /* MultiPlayerGameView.swift */; };
		6838950FE8D367A0ACEC52CF /* Pods_ChessReaderTests.framework in Frameworks */ = {isa = PBXBuildFile; fileRef = 9A90AC6103B87D0952376FD8 /* Pods_ChessReaderTests.framework */; };
		773B995E25C98A2F003E9CEA /* GoogleService-Info.plist in Resources */ = {isa = PBXBuildFile; fileRef = 773B995D25C98A2F003E9CEA /* GoogleService-Info.plist */; };
		77BFBD7B25D1C96400D38B8C /* WaitingForMultiPlayerView.swift in Sources */ = {isa = PBXBuildFile; fileRef = 77BFBD7A25D1C96400D38B8C /* WaitingForMultiPlayerView.swift */; };
		BC0EF598F61D13F4A9B9D417 /* Pods_ChessReader_ChessReaderUITests.framework in Frameworks */ = {isa = PBXBuildFile; fileRef = 0B126FBC3FAB6120527E6CDC /* Pods_ChessReader_ChessReaderUITests.framework */; };
/* End PBXBuildFile section */

/* Begin PBXContainerItemProxy section */
		518229B325BF092F00974B3F /* PBXContainerItemProxy */ = {
			isa = PBXContainerItemProxy;
			containerPortal = 5182299425BF092900974B3F /* Project object */;
			proxyType = 1;
			remoteGlobalIDString = 5182299B25BF092A00974B3F;
			remoteInfo = ChessReader;
		};
		518229BE25BF092F00974B3F /* PBXContainerItemProxy */ = {
			isa = PBXContainerItemProxy;
			containerPortal = 5182299425BF092900974B3F /* Project object */;
			proxyType = 1;
			remoteGlobalIDString = 5182299B25BF092A00974B3F;
			remoteInfo = ChessReader;
		};
/* End PBXContainerItemProxy section */

/* Begin PBXFileReference section */
		0470B9F8726B7EC839F047A3 /* Pods-ChessReaderTests.debug.xcconfig */ = {isa = PBXFileReference; includeInIndex = 1; lastKnownFileType = text.xcconfig; name = "Pods-ChessReaderTests.debug.xcconfig"; path = "Target Support Files/Pods-ChessReaderTests/Pods-ChessReaderTests.debug.xcconfig"; sourceTree = "<group>"; };
		0B126FBC3FAB6120527E6CDC /* Pods_ChessReader_ChessReaderUITests.framework */ = {isa = PBXFileReference; explicitFileType = wrapper.framework; includeInIndex = 0; path = Pods_ChessReader_ChessReaderUITests.framework; sourceTree = BUILT_PRODUCTS_DIR; };
		0D6EE6CC0D3694F1358264CA /* Pods_ChessReader.framework */ = {isa = PBXFileReference; explicitFileType = wrapper.framework; includeInIndex = 0; path = Pods_ChessReader.framework; sourceTree = BUILT_PRODUCTS_DIR; };
		512750A025CAAD3200E1FF8D /* BordView.swift */ = {isa = PBXFileReference; lastKnownFileType = sourcecode.swift; path = BordView.swift; sourceTree = "<group>"; };
		5180DFE625C4216200DF9B74 /* Bord.swift */ = {isa = PBXFileReference; lastKnownFileType = sourcecode.swift; path = Bord.swift; sourceTree = "<group>"; };
		5180DFEB25C42C8900DF9B74 /* Rules.swift */ = {isa = PBXFileReference; lastKnownFileType = sourcecode.swift; path = Rules.swift; sourceTree = "<group>"; };
		5182299C25BF092A00974B3F /* ChessReader.app */ = {isa = PBXFileReference; explicitFileType = wrapper.application; includeInIndex = 0; path = ChessReader.app; sourceTree = BUILT_PRODUCTS_DIR; };
		5182299F25BF092A00974B3F /* AppDelegate.swift */ = {isa = PBXFileReference; lastKnownFileType = sourcecode.swift; path = AppDelegate.swift; sourceTree = "<group>"; };
		518229A125BF092A00974B3F /* SceneDelegate.swift */ = {isa = PBXFileReference; lastKnownFileType = sourcecode.swift; path = SceneDelegate.swift; sourceTree = "<group>"; };
		518229A325BF092A00974B3F /* ContentView.swift */ = {isa = PBXFileReference; lastKnownFileType = sourcecode.swift; path = ContentView.swift; sourceTree = "<group>"; };
		518229A525BF092E00974B3F /* Assets.xcassets */ = {isa = PBXFileReference; lastKnownFileType = folder.assetcatalog; path = Assets.xcassets; sourceTree = "<group>"; };
		518229A825BF092E00974B3F /* Preview Assets.xcassets */ = {isa = PBXFileReference; lastKnownFileType = folder.assetcatalog; path = "Preview Assets.xcassets"; sourceTree = "<group>"; };
		518229AB25BF092E00974B3F /* Base */ = {isa = PBXFileReference; lastKnownFileType = file.storyboard; name = Base; path = Base.lproj/LaunchScreen.storyboard; sourceTree = "<group>"; };
		518229AD25BF092E00974B3F /* Info.plist */ = {isa = PBXFileReference; lastKnownFileType = text.plist.xml; path = Info.plist; sourceTree = "<group>"; };
		518229B225BF092F00974B3F /* ChessReaderTests.xctest */ = {isa = PBXFileReference; explicitFileType = wrapper.cfbundle; includeInIndex = 0; path = ChessReaderTests.xctest; sourceTree = BUILT_PRODUCTS_DIR; };
		518229B625BF092F00974B3F /* ChessReaderTests.swift */ = {isa = PBXFileReference; lastKnownFileType = sourcecode.swift; path = ChessReaderTests.swift; sourceTree = "<group>"; };
		518229B825BF092F00974B3F /* Info.plist */ = {isa = PBXFileReference; lastKnownFileType = text.plist.xml; path = Info.plist; sourceTree = "<group>"; };
		518229BD25BF092F00974B3F /* ChessReaderUITests.xctest */ = {isa = PBXFileReference; explicitFileType = wrapper.cfbundle; includeInIndex = 0; path = ChessReaderUITests.xctest; sourceTree = BUILT_PRODUCTS_DIR; };
		518229C125BF092F00974B3F /* ChessReaderUITests.swift */ = {isa = PBXFileReference; lastKnownFileType = sourcecode.swift; path = ChessReaderUITests.swift; sourceTree = "<group>"; };
		518229C325BF092F00974B3F /* Info.plist */ = {isa = PBXFileReference; lastKnownFileType = text.plist.xml; path = Info.plist; sourceTree = "<group>"; };
		51822A1E25C159F400974B3F /* GameListEntry.swift */ = {isa = PBXFileReference; lastKnownFileType = sourcecode.swift; path = GameListEntry.swift; sourceTree = "<group>"; };
		51822A2325C15A0B00974B3F /* GameList.swift */ = {isa = PBXFileReference; lastKnownFileType = sourcecode.swift; path = GameList.swift; sourceTree = "<group>"; };
		51822A2825C15D3D00974B3F /* ChessBordView.swift */ = {isa = PBXFileReference; lastKnownFileType = sourcecode.swift; path = ChessBordView.swift; sourceTree = "<group>"; };
		51B80A5A25CAA0130036656F /* ReadGameView.swift */ = {isa = PBXFileReference; lastKnownFileType = sourcecode.swift; path = ReadGameView.swift; sourceTree = "<group>"; };
		51B80A5F25CAA0340036656F /* SinglePlayerGameView.swift */ = {isa = PBXFileReference; lastKnownFileType = sourcecode.swift; path = SinglePlayerGameView.swift; sourceTree = "<group>"; };
		51B80A6125CAA04A0036656F /* MultiPlayerGameView.swift */ = {isa = PBXFileReference; lastKnownFileType = sourcecode.swift; path = MultiPlayerGameView.swift; sourceTree = "<group>"; };
		773B995D25C98A2F003E9CEA /* GoogleService-Info.plist */ = {isa = PBXFileReference; fileEncoding = 4; lastKnownFileType = text.plist.xml; path = "GoogleService-Info.plist"; sourceTree = "<group>"; };
		77BFBD7A25D1C96400D38B8C /* WaitingForMultiPlayerView.swift */ = {isa = PBXFileReference; lastKnownFileType = sourcecode.swift; path = WaitingForMultiPlayerView.swift; sourceTree = "<group>"; };
		7C88D70CB69FC000206A2C5C /* Pods-ChessReader-ChessReaderUITests.release.xcconfig */ = {isa = PBXFileReference; includeInIndex = 1; lastKnownFileType = text.xcconfig; name = "Pods-ChessReader-ChessReaderUITests.release.xcconfig"; path = "Target Support Files/Pods-ChessReader-ChessReaderUITests/Pods-ChessReader-ChessReaderUITests.release.xcconfig"; sourceTree = "<group>"; };
		8E95DC09C61AB6DA3E403F23 /* Pods-ChessReader.release.xcconfig */ = {isa = PBXFileReference; includeInIndex = 1; lastKnownFileType = text.xcconfig; name = "Pods-ChessReader.release.xcconfig"; path = "Target Support Files/Pods-ChessReader/Pods-ChessReader.release.xcconfig"; sourceTree = "<group>"; };
		8F613DBE50D6CB51B2987369 /* Pods-ChessReaderTests.release.xcconfig */ = {isa = PBXFileReference; includeInIndex = 1; lastKnownFileType = text.xcconfig; name = "Pods-ChessReaderTests.release.xcconfig"; path = "Target Support Files/Pods-ChessReaderTests/Pods-ChessReaderTests.release.xcconfig"; sourceTree = "<group>"; };
		9A90AC6103B87D0952376FD8 /* Pods_ChessReaderTests.framework */ = {isa = PBXFileReference; explicitFileType = wrapper.framework; includeInIndex = 0; path = Pods_ChessReaderTests.framework; sourceTree = BUILT_PRODUCTS_DIR; };
		C92EAAFCFA309DA6FD440BB6 /* Pods-ChessReader.debug.xcconfig */ = {isa = PBXFileReference; includeInIndex = 1; lastKnownFileType = text.xcconfig; name = "Pods-ChessReader.debug.xcconfig"; path = "Target Support Files/Pods-ChessReader/Pods-ChessReader.debug.xcconfig"; sourceTree = "<group>"; };
		F7C6814F29A4DA0D3934B34C /* Pods-ChessReader-ChessReaderUITests.debug.xcconfig */ = {isa = PBXFileReference; includeInIndex = 1; lastKnownFileType = text.xcconfig; name = "Pods-ChessReader-ChessReaderUITests.debug.xcconfig"; path = "Target Support Files/Pods-ChessReader-ChessReaderUITests/Pods-ChessReader-ChessReaderUITests.debug.xcconfig"; sourceTree = "<group>"; };
/* End PBXFileReference section */

/* Begin PBXFrameworksBuildPhase section */
		5182299925BF092A00974B3F /* Frameworks */ = {
			isa = PBXFrameworksBuildPhase;
			buildActionMask = 2147483647;
			files = (
				45E0D365DDF3CE7AFAFF726A /* Pods_ChessReader.framework in Frameworks */,
			);
			runOnlyForDeploymentPostprocessing = 0;
		};
		518229AF25BF092F00974B3F /* Frameworks */ = {
			isa = PBXFrameworksBuildPhase;
			buildActionMask = 2147483647;
			files = (
				6838950FE8D367A0ACEC52CF /* Pods_ChessReaderTests.framework in Frameworks */,
			);
			runOnlyForDeploymentPostprocessing = 0;
		};
		518229BA25BF092F00974B3F /* Frameworks */ = {
			isa = PBXFrameworksBuildPhase;
			buildActionMask = 2147483647;
			files = (
				BC0EF598F61D13F4A9B9D417 /* Pods_ChessReader_ChessReaderUITests.framework in Frameworks */,
			);
			runOnlyForDeploymentPostprocessing = 0;
		};
/* End PBXFrameworksBuildPhase section */

/* Begin PBXGroup section */
		3C388AFC140EA59542385997 /* Pods */ = {
			isa = PBXGroup;
			children = (
				C92EAAFCFA309DA6FD440BB6 /* Pods-ChessReader.debug.xcconfig */,
				8E95DC09C61AB6DA3E403F23 /* Pods-ChessReader.release.xcconfig */,
				F7C6814F29A4DA0D3934B34C /* Pods-ChessReader-ChessReaderUITests.debug.xcconfig */,
				7C88D70CB69FC000206A2C5C /* Pods-ChessReader-ChessReaderUITests.release.xcconfig */,
				0470B9F8726B7EC839F047A3 /* Pods-ChessReaderTests.debug.xcconfig */,
				8F613DBE50D6CB51B2987369 /* Pods-ChessReaderTests.release.xcconfig */,
			);
			path = Pods;
			sourceTree = "<group>";
		};
		41869B4D0EDC361F8D92A481 /* Frameworks */ = {
			isa = PBXGroup;
			children = (
				0D6EE6CC0D3694F1358264CA /* Pods_ChessReader.framework */,
				0B126FBC3FAB6120527E6CDC /* Pods_ChessReader_ChessReaderUITests.framework */,
				9A90AC6103B87D0952376FD8 /* Pods_ChessReaderTests.framework */,
			);
			name = Frameworks;
			sourceTree = "<group>";
		};
		5182299325BF092900974B3F = {
			isa = PBXGroup;
			children = (
				5182299E25BF092A00974B3F /* ChessReader */,
				518229B525BF092F00974B3F /* ChessReaderTests */,
				518229C025BF092F00974B3F /* ChessReaderUITests */,
				5182299D25BF092A00974B3F /* Products */,
				3C388AFC140EA59542385997 /* Pods */,
				41869B4D0EDC361F8D92A481 /* Frameworks */,
			);
			sourceTree = "<group>";
		};
		5182299D25BF092A00974B3F /* Products */ = {
			isa = PBXGroup;
			children = (
				5182299C25BF092A00974B3F /* ChessReader.app */,
				518229B225BF092F00974B3F /* ChessReaderTests.xctest */,
				518229BD25BF092F00974B3F /* ChessReaderUITests.xctest */,
			);
			name = Products;
			sourceTree = "<group>";
		};
		5182299E25BF092A00974B3F /* ChessReader */ = {
			isa = PBXGroup;
			children = (
				773B995D25C98A2F003E9CEA /* GoogleService-Info.plist */,
				5182299F25BF092A00974B3F /* AppDelegate.swift */,
				518229A125BF092A00974B3F /* SceneDelegate.swift */,
				518229A325BF092A00974B3F /* ContentView.swift */,
				51822A1E25C159F400974B3F /* GameListEntry.swift */,
				51822A2325C15A0B00974B3F /* GameList.swift */,
				518229A525BF092E00974B3F /* Assets.xcassets */,
				518229AA25BF092E00974B3F /* LaunchScreen.storyboard */,
				518229AD25BF092E00974B3F /* Info.plist */,
				518229A725BF092E00974B3F /* Preview Content */,
				51822A2825C15D3D00974B3F /* ChessBordView.swift */,
				5180DFE625C4216200DF9B74 /* Bord.swift */,
				5180DFEB25C42C8900DF9B74 /* Rules.swift */,
				51B80A5A25CAA0130036656F /* ReadGameView.swift */,
				77BFBD7A25D1C96400D38B8C /* WaitingForMultiPlayerView.swift */,
				51B80A5F25CAA0340036656F /* SinglePlayerGameView.swift */,
				51B80A6125CAA04A0036656F /* MultiPlayerGameView.swift */,
				512750A025CAAD3200E1FF8D /* BordView.swift */,
			);
			path = ChessReader;
			sourceTree = "<group>";
		};
		518229A725BF092E00974B3F /* Preview Content */ = {
			isa = PBXGroup;
			children = (
				518229A825BF092E00974B3F /* Preview Assets.xcassets */,
			);
			path = "Preview Content";
			sourceTree = "<group>";
		};
		518229B525BF092F00974B3F /* ChessReaderTests */ = {
			isa = PBXGroup;
			children = (
				518229B625BF092F00974B3F /* ChessReaderTests.swift */,
				518229B825BF092F00974B3F /* Info.plist */,
			);
			path = ChessReaderTests;
			sourceTree = "<group>";
		};
		518229C025BF092F00974B3F /* ChessReaderUITests */ = {
			isa = PBXGroup;
			children = (
				518229C125BF092F00974B3F /* ChessReaderUITests.swift */,
				518229C325BF092F00974B3F /* Info.plist */,
			);
			path = ChessReaderUITests;
			sourceTree = "<group>";
		};
/* End PBXGroup section */

/* Begin PBXNativeTarget section */
		5182299B25BF092A00974B3F /* ChessReader */ = {
			isa = PBXNativeTarget;
			buildConfigurationList = 518229C625BF092F00974B3F /* Build configuration list for PBXNativeTarget "ChessReader" */;
			buildPhases = (
				7B21A5F54550F978ECEDC87D /* [CP] Check Pods Manifest.lock */,
				5182299825BF092A00974B3F /* Sources */,
				5182299925BF092A00974B3F /* Frameworks */,
				5182299A25BF092A00974B3F /* Resources */,
				B69A1AD26E829FBD24C2336E /* [CP] Embed Pods Frameworks */,
			);
			buildRules = (
			);
			dependencies = (
			);
			name = ChessReader;
			productName = ChessReader;
			productReference = 5182299C25BF092A00974B3F /* ChessReader.app */;
			productType = "com.apple.product-type.application";
		};
		518229B125BF092F00974B3F /* ChessReaderTests */ = {
			isa = PBXNativeTarget;
			buildConfigurationList = 518229C925BF092F00974B3F /* Build configuration list for PBXNativeTarget "ChessReaderTests" */;
			buildPhases = (
				E01F70C47C8C545D00A0A883 /* [CP] Check Pods Manifest.lock */,
				518229AE25BF092F00974B3F /* Sources */,
				518229AF25BF092F00974B3F /* Frameworks */,
				518229B025BF092F00974B3F /* Resources */,
			);
			buildRules = (
			);
			dependencies = (
				518229B425BF092F00974B3F /* PBXTargetDependency */,
			);
			name = ChessReaderTests;
			productName = ChessReaderTests;
			productReference = 518229B225BF092F00974B3F /* ChessReaderTests.xctest */;
			productType = "com.apple.product-type.bundle.unit-test";
		};
		518229BC25BF092F00974B3F /* ChessReaderUITests */ = {
			isa = PBXNativeTarget;
			buildConfigurationList = 518229CC25BF092F00974B3F /* Build configuration list for PBXNativeTarget "ChessReaderUITests" */;
			buildPhases = (
				0340C9E2307F3E551BFED82F /* [CP] Check Pods Manifest.lock */,
				518229B925BF092F00974B3F /* Sources */,
				518229BA25BF092F00974B3F /* Frameworks */,
				518229BB25BF092F00974B3F /* Resources */,
				EB5FDDFF8D90DE812A58B018 /* [CP] Embed Pods Frameworks */,
			);
			buildRules = (
			);
			dependencies = (
				518229BF25BF092F00974B3F /* PBXTargetDependency */,
			);
			name = ChessReaderUITests;
			productName = ChessReaderUITests;
			productReference = 518229BD25BF092F00974B3F /* ChessReaderUITests.xctest */;
			productType = "com.apple.product-type.bundle.ui-testing";
		};
/* End PBXNativeTarget section */

/* Begin PBXProject section */
		5182299425BF092900974B3F /* Project object */ = {
			isa = PBXProject;
			attributes = {
				LastSwiftUpdateCheck = 1230;
				LastUpgradeCheck = 1230;
				TargetAttributes = {
					5182299B25BF092A00974B3F = {
						CreatedOnToolsVersion = 12.3;
					};
					518229B125BF092F00974B3F = {
						CreatedOnToolsVersion = 12.3;
						TestTargetID = 5182299B25BF092A00974B3F;
					};
					518229BC25BF092F00974B3F = {
						CreatedOnToolsVersion = 12.3;
						TestTargetID = 5182299B25BF092A00974B3F;
					};
				};
			};
			buildConfigurationList = 5182299725BF092900974B3F /* Build configuration list for PBXProject "ChessReader" */;
			compatibilityVersion = "Xcode 9.3";
			developmentRegion = en;
			hasScannedForEncodings = 0;
			knownRegions = (
				en,
				Base,
			);
			mainGroup = 5182299325BF092900974B3F;
			productRefGroup = 5182299D25BF092A00974B3F /* Products */;
			projectDirPath = "";
			projectRoot = "";
			targets = (
				5182299B25BF092A00974B3F /* ChessReader */,
				518229B125BF092F00974B3F /* ChessReaderTests */,
				518229BC25BF092F00974B3F /* ChessReaderUITests */,
			);
		};
/* End PBXProject section */

/* Begin PBXResourcesBuildPhase section */
		5182299A25BF092A00974B3F /* Resources */ = {
			isa = PBXResourcesBuildPhase;
			buildActionMask = 2147483647;
			files = (
				518229AC25BF092E00974B3F /* LaunchScreen.storyboard in Resources */,
				518229A925BF092E00974B3F /* Preview Assets.xcassets in Resources */,
				773B995E25C98A2F003E9CEA /* GoogleService-Info.plist in Resources */,
				518229A625BF092E00974B3F /* Assets.xcassets in Resources */,
			);
			runOnlyForDeploymentPostprocessing = 0;
		};
		518229B025BF092F00974B3F /* Resources */ = {
			isa = PBXResourcesBuildPhase;
			buildActionMask = 2147483647;
			files = (
			);
			runOnlyForDeploymentPostprocessing = 0;
		};
		518229BB25BF092F00974B3F /* Resources */ = {
			isa = PBXResourcesBuildPhase;
			buildActionMask = 2147483647;
			files = (
			);
			runOnlyForDeploymentPostprocessing = 0;
		};
/* End PBXResourcesBuildPhase section */

/* Begin PBXShellScriptBuildPhase section */
		0340C9E2307F3E551BFED82F /* [CP] Check Pods Manifest.lock */ = {
			isa = PBXShellScriptBuildPhase;
			buildActionMask = 2147483647;
			files = (
			);
			inputFileListPaths = (
			);
			inputPaths = (
				"${PODS_PODFILE_DIR_PATH}/Podfile.lock",
				"${PODS_ROOT}/Manifest.lock",
			);
			name = "[CP] Check Pods Manifest.lock";
			outputFileListPaths = (
			);
			outputPaths = (
				"$(DERIVED_FILE_DIR)/Pods-ChessReader-ChessReaderUITests-checkManifestLockResult.txt",
			);
			runOnlyForDeploymentPostprocessing = 0;
			shellPath = /bin/sh;
			shellScript = "diff \"${PODS_PODFILE_DIR_PATH}/Podfile.lock\" \"${PODS_ROOT}/Manifest.lock\" > /dev/null\nif [ $? != 0 ] ; then\n    # print error to STDERR\n    echo \"error: The sandbox is not in sync with the Podfile.lock. Run 'pod install' or update your CocoaPods installation.\" >&2\n    exit 1\nfi\n# This output is used by Xcode 'outputs' to avoid re-running this script phase.\necho \"SUCCESS\" > \"${SCRIPT_OUTPUT_FILE_0}\"\n";
			showEnvVarsInLog = 0;
		};
		7B21A5F54550F978ECEDC87D /* [CP] Check Pods Manifest.lock */ = {
			isa = PBXShellScriptBuildPhase;
			buildActionMask = 2147483647;
			files = (
			);
			inputFileListPaths = (
			);
			inputPaths = (
				"${PODS_PODFILE_DIR_PATH}/Podfile.lock",
				"${PODS_ROOT}/Manifest.lock",
			);
			name = "[CP] Check Pods Manifest.lock";
			outputFileListPaths = (
			);
			outputPaths = (
				"$(DERIVED_FILE_DIR)/Pods-ChessReader-checkManifestLockResult.txt",
			);
			runOnlyForDeploymentPostprocessing = 0;
			shellPath = /bin/sh;
			shellScript = "diff \"${PODS_PODFILE_DIR_PATH}/Podfile.lock\" \"${PODS_ROOT}/Manifest.lock\" > /dev/null\nif [ $? != 0 ] ; then\n    # print error to STDERR\n    echo \"error: The sandbox is not in sync with the Podfile.lock. Run 'pod install' or update your CocoaPods installation.\" >&2\n    exit 1\nfi\n# This output is used by Xcode 'outputs' to avoid re-running this script phase.\necho \"SUCCESS\" > \"${SCRIPT_OUTPUT_FILE_0}\"\n";
			showEnvVarsInLog = 0;
		};
		B69A1AD26E829FBD24C2336E /* [CP] Embed Pods Frameworks */ = {
			isa = PBXShellScriptBuildPhase;
			buildActionMask = 2147483647;
			files = (
			);
			inputFileListPaths = (
				"${PODS_ROOT}/Target Support Files/Pods-ChessReader/Pods-ChessReader-frameworks-${CONFIGURATION}-input-files.xcfilelist",
			);
			name = "[CP] Embed Pods Frameworks";
			outputFileListPaths = (
				"${PODS_ROOT}/Target Support Files/Pods-ChessReader/Pods-ChessReader-frameworks-${CONFIGURATION}-output-files.xcfilelist",
			);
			runOnlyForDeploymentPostprocessing = 0;
			shellPath = /bin/sh;
			shellScript = "\"${PODS_ROOT}/Target Support Files/Pods-ChessReader/Pods-ChessReader-frameworks.sh\"\n";
			showEnvVarsInLog = 0;
		};
		E01F70C47C8C545D00A0A883 /* [CP] Check Pods Manifest.lock */ = {
			isa = PBXShellScriptBuildPhase;
			buildActionMask = 2147483647;
			files = (
			);
			inputFileListPaths = (
			);
			inputPaths = (
				"${PODS_PODFILE_DIR_PATH}/Podfile.lock",
				"${PODS_ROOT}/Manifest.lock",
			);
			name = "[CP] Check Pods Manifest.lock";
			outputFileListPaths = (
			);
			outputPaths = (
				"$(DERIVED_FILE_DIR)/Pods-ChessReaderTests-checkManifestLockResult.txt",
			);
			runOnlyForDeploymentPostprocessing = 0;
			shellPath = /bin/sh;
			shellScript = "diff \"${PODS_PODFILE_DIR_PATH}/Podfile.lock\" \"${PODS_ROOT}/Manifest.lock\" > /dev/null\nif [ $? != 0 ] ; then\n    # print error to STDERR\n    echo \"error: The sandbox is not in sync with the Podfile.lock. Run 'pod install' or update your CocoaPods installation.\" >&2\n    exit 1\nfi\n# This output is used by Xcode 'outputs' to avoid re-running this script phase.\necho \"SUCCESS\" > \"${SCRIPT_OUTPUT_FILE_0}\"\n";
			showEnvVarsInLog = 0;
		};
		EB5FDDFF8D90DE812A58B018 /* [CP] Embed Pods Frameworks */ = {
			isa = PBXShellScriptBuildPhase;
			buildActionMask = 2147483647;
			files = (
			);
			inputFileListPaths = (
				"${PODS_ROOT}/Target Support Files/Pods-ChessReader-ChessReaderUITests/Pods-ChessReader-ChessReaderUITests-frameworks-${CONFIGURATION}-input-files.xcfilelist",
			);
			name = "[CP] Embed Pods Frameworks";
			outputFileListPaths = (
				"${PODS_ROOT}/Target Support Files/Pods-ChessReader-ChessReaderUITests/Pods-ChessReader-ChessReaderUITests-frameworks-${CONFIGURATION}-output-files.xcfilelist",
			);
			runOnlyForDeploymentPostprocessing = 0;
			shellPath = /bin/sh;
			shellScript = "\"${PODS_ROOT}/Target Support Files/Pods-ChessReader-ChessReaderUITests/Pods-ChessReader-ChessReaderUITests-frameworks.sh\"\n";
			showEnvVarsInLog = 0;
		};
/* End PBXShellScriptBuildPhase section */

/* Begin PBXSourcesBuildPhase section */
		5182299825BF092A00974B3F /* Sources */ = {
			isa = PBXSourcesBuildPhase;
			buildActionMask = 2147483647;
			files = (
				518229A025BF092A00974B3F /* AppDelegate.swift in Sources */,
				5180DFEC25C42C8900DF9B74 /* Rules.swift in Sources */,
				518229A225BF092A00974B3F /* SceneDelegate.swift in Sources */,
				512750A125CAAD3200E1FF8D /* BordView.swift in Sources */,
				51822A2425C15A0B00974B3F /* GameList.swift in Sources */,
				51822A1F25C159F500974B3F /* GameListEntry.swift in Sources */,
				77BFBD7B25D1C96400D38B8C /* WaitingForMultiPlayerView.swift in Sources */,
				51B80A6225CAA04A0036656F /* MultiPlayerGameView.swift in Sources */,
				51B80A5B25CAA0130036656F /* ReadGameView.swift in Sources */,
				51822A2925C15D3D00974B3F /* ChessBordView.swift in Sources */,
				518229A425BF092A00974B3F /* ContentView.swift in Sources */,
				5180DFE725C4216200DF9B74 /* Bord.swift in Sources */,
				51B80A6025CAA0340036656F /* SinglePlayerGameView.swift in Sources */,
			);
			runOnlyForDeploymentPostprocessing = 0;
		};
		518229AE25BF092F00974B3F /* Sources */ = {
			isa = PBXSourcesBuildPhase;
			buildActionMask = 2147483647;
			files = (
				518229B725BF092F00974B3F /* ChessReaderTests.swift in Sources */,
			);
			runOnlyForDeploymentPostprocessing = 0;
		};
		518229B925BF092F00974B3F /* Sources */ = {
			isa = PBXSourcesBuildPhase;
			buildActionMask = 2147483647;
			files = (
				518229C225BF092F00974B3F /* ChessReaderUITests.swift in Sources */,
			);
			runOnlyForDeploymentPostprocessing = 0;
		};
/* End PBXSourcesBuildPhase section */

/* Begin PBXTargetDependency section */
		518229B425BF092F00974B3F /* PBXTargetDependency */ = {
			isa = PBXTargetDependency;
			target = 5182299B25BF092A00974B3F /* ChessReader */;
			targetProxy = 518229B325BF092F00974B3F /* PBXContainerItemProxy */;
		};
		518229BF25BF092F00974B3F /* PBXTargetDependency */ = {
			isa = PBXTargetDependency;
			target = 5182299B25BF092A00974B3F /* ChessReader */;
			targetProxy = 518229BE25BF092F00974B3F /* PBXContainerItemProxy */;
		};
/* End PBXTargetDependency section */

/* Begin PBXVariantGroup section */
		518229AA25BF092E00974B3F /* LaunchScreen.storyboard */ = {
			isa = PBXVariantGroup;
			children = (
				518229AB25BF092E00974B3F /* Base */,
			);
			name = LaunchScreen.storyboard;
			sourceTree = "<group>";
		};
/* End PBXVariantGroup section */

/* Begin XCBuildConfiguration section */
		518229C425BF092F00974B3F /* Debug */ = {
			isa = XCBuildConfiguration;
			buildSettings = {
				ALWAYS_SEARCH_USER_PATHS = NO;
				CLANG_ANALYZER_NONNULL = YES;
				CLANG_ANALYZER_NUMBER_OBJECT_CONVERSION = YES_AGGRESSIVE;
				CLANG_CXX_LANGUAGE_STANDARD = "gnu++14";
				CLANG_CXX_LIBRARY = "libc++";
				CLANG_ENABLE_MODULES = YES;
				CLANG_ENABLE_OBJC_ARC = YES;
				CLANG_ENABLE_OBJC_WEAK = YES;
				CLANG_WARN_BLOCK_CAPTURE_AUTORELEASING = YES;
				CLANG_WARN_BOOL_CONVERSION = YES;
				CLANG_WARN_COMMA = YES;
				CLANG_WARN_CONSTANT_CONVERSION = YES;
				CLANG_WARN_DEPRECATED_OBJC_IMPLEMENTATIONS = YES;
				CLANG_WARN_DIRECT_OBJC_ISA_USAGE = YES_ERROR;
				CLANG_WARN_DOCUMENTATION_COMMENTS = YES;
				CLANG_WARN_EMPTY_BODY = YES;
				CLANG_WARN_ENUM_CONVERSION = YES;
				CLANG_WARN_INFINITE_RECURSION = YES;
				CLANG_WARN_INT_CONVERSION = YES;
				CLANG_WARN_NON_LITERAL_NULL_CONVERSION = YES;
				CLANG_WARN_OBJC_IMPLICIT_RETAIN_SELF = YES;
				CLANG_WARN_OBJC_LITERAL_CONVERSION = YES;
				CLANG_WARN_OBJC_ROOT_CLASS = YES_ERROR;
				CLANG_WARN_QUOTED_INCLUDE_IN_FRAMEWORK_HEADER = YES;
				CLANG_WARN_RANGE_LOOP_ANALYSIS = YES;
				CLANG_WARN_STRICT_PROTOTYPES = YES;
				CLANG_WARN_SUSPICIOUS_MOVE = YES;
				CLANG_WARN_UNGUARDED_AVAILABILITY = YES_AGGRESSIVE;
				CLANG_WARN_UNREACHABLE_CODE = YES;
				CLANG_WARN__DUPLICATE_METHOD_MATCH = YES;
				COPY_PHASE_STRIP = NO;
				DEBUG_INFORMATION_FORMAT = dwarf;
				ENABLE_STRICT_OBJC_MSGSEND = YES;
				ENABLE_TESTABILITY = YES;
				GCC_C_LANGUAGE_STANDARD = gnu11;
				GCC_DYNAMIC_NO_PIC = NO;
				GCC_NO_COMMON_BLOCKS = YES;
				GCC_OPTIMIZATION_LEVEL = 0;
				GCC_PREPROCESSOR_DEFINITIONS = (
					"DEBUG=1",
					"$(inherited)",
				);
				GCC_WARN_64_TO_32_BIT_CONVERSION = YES;
				GCC_WARN_ABOUT_RETURN_TYPE = YES_ERROR;
				GCC_WARN_UNDECLARED_SELECTOR = YES;
				GCC_WARN_UNINITIALIZED_AUTOS = YES_AGGRESSIVE;
				GCC_WARN_UNUSED_FUNCTION = YES;
				GCC_WARN_UNUSED_VARIABLE = YES;
				IPHONEOS_DEPLOYMENT_TARGET = 14.3;
				MTL_ENABLE_DEBUG_INFO = INCLUDE_SOURCE;
				MTL_FAST_MATH = YES;
				ONLY_ACTIVE_ARCH = YES;
				SDKROOT = iphoneos;
				SWIFT_ACTIVE_COMPILATION_CONDITIONS = DEBUG;
				SWIFT_OPTIMIZATION_LEVEL = "-Onone";
			};
			name = Debug;
		};
		518229C525BF092F00974B3F /* Release */ = {
			isa = XCBuildConfiguration;
			buildSettings = {
				ALWAYS_SEARCH_USER_PATHS = NO;
				CLANG_ANALYZER_NONNULL = YES;
				CLANG_ANALYZER_NUMBER_OBJECT_CONVERSION = YES_AGGRESSIVE;
				CLANG_CXX_LANGUAGE_STANDARD = "gnu++14";
				CLANG_CXX_LIBRARY = "libc++";
				CLANG_ENABLE_MODULES = YES;
				CLANG_ENABLE_OBJC_ARC = YES;
				CLANG_ENABLE_OBJC_WEAK = YES;
				CLANG_WARN_BLOCK_CAPTURE_AUTORELEASING = YES;
				CLANG_WARN_BOOL_CONVERSION = YES;
				CLANG_WARN_COMMA = YES;
				CLANG_WARN_CONSTANT_CONVERSION = YES;
				CLANG_WARN_DEPRECATED_OBJC_IMPLEMENTATIONS = YES;
				CLANG_WARN_DIRECT_OBJC_ISA_USAGE = YES_ERROR;
				CLANG_WARN_DOCUMENTATION_COMMENTS = YES;
				CLANG_WARN_EMPTY_BODY = YES;
				CLANG_WARN_ENUM_CONVERSION = YES;
				CLANG_WARN_INFINITE_RECURSION = YES;
				CLANG_WARN_INT_CONVERSION = YES;
				CLANG_WARN_NON_LITERAL_NULL_CONVERSION = YES;
				CLANG_WARN_OBJC_IMPLICIT_RETAIN_SELF = YES;
				CLANG_WARN_OBJC_LITERAL_CONVERSION = YES;
				CLANG_WARN_OBJC_ROOT_CLASS = YES_ERROR;
				CLANG_WARN_QUOTED_INCLUDE_IN_FRAMEWORK_HEADER = YES;
				CLANG_WARN_RANGE_LOOP_ANALYSIS = YES;
				CLANG_WARN_STRICT_PROTOTYPES = YES;
				CLANG_WARN_SUSPICIOUS_MOVE = YES;
				CLANG_WARN_UNGUARDED_AVAILABILITY = YES_AGGRESSIVE;
				CLANG_WARN_UNREACHABLE_CODE = YES;
				CLANG_WARN__DUPLICATE_METHOD_MATCH = YES;
				COPY_PHASE_STRIP = NO;
				DEBUG_INFORMATION_FORMAT = "dwarf-with-dsym";
				ENABLE_NS_ASSERTIONS = NO;
				ENABLE_STRICT_OBJC_MSGSEND = YES;
				GCC_C_LANGUAGE_STANDARD = gnu11;
				GCC_NO_COMMON_BLOCKS = YES;
				GCC_WARN_64_TO_32_BIT_CONVERSION = YES;
				GCC_WARN_ABOUT_RETURN_TYPE = YES_ERROR;
				GCC_WARN_UNDECLARED_SELECTOR = YES;
				GCC_WARN_UNINITIALIZED_AUTOS = YES_AGGRESSIVE;
				GCC_WARN_UNUSED_FUNCTION = YES;
				GCC_WARN_UNUSED_VARIABLE = YES;
				IPHONEOS_DEPLOYMENT_TARGET = 14.3;
				MTL_ENABLE_DEBUG_INFO = NO;
				MTL_FAST_MATH = YES;
				SDKROOT = iphoneos;
				SWIFT_COMPILATION_MODE = wholemodule;
				SWIFT_OPTIMIZATION_LEVEL = "-O";
				VALIDATE_PRODUCT = YES;
			};
			name = Release;
		};
		518229C725BF092F00974B3F /* Debug */ = {
			isa = XCBuildConfiguration;
			baseConfigurationReference = C92EAAFCFA309DA6FD440BB6 /* Pods-ChessReader.debug.xcconfig */;
			buildSettings = {
				ASSETCATALOG_COMPILER_APPICON_NAME = AppIcon;
				ASSETCATALOG_COMPILER_GLOBAL_ACCENT_COLOR_NAME = AccentColor;
				CODE_SIGN_STYLE = Automatic;
				DEVELOPMENT_ASSET_PATHS = "\"ChessReader/Preview Content\"";
				ENABLE_PREVIEWS = YES;
				INFOPLIST_FILE = ChessReader/Info.plist;
				LD_RUNPATH_SEARCH_PATHS = (
					"$(inherited)",
					"@executable_path/Frameworks",
				);
				PRODUCT_BUNDLE_IDENTIFIER = theTestOrganiZation.ChessReader;
				PRODUCT_NAME = "$(TARGET_NAME)";
				SWIFT_VERSION = 5.0;
				TARGETED_DEVICE_FAMILY = "1,2";
			};
			name = Debug;
		};
		518229C825BF092F00974B3F /* Release */ = {
			isa = XCBuildConfiguration;
			baseConfigurationReference = 8E95DC09C61AB6DA3E403F23 /* Pods-ChessReader.release.xcconfig */;
			buildSettings = {
				ASSETCATALOG_COMPILER_APPICON_NAME = AppIcon;
				ASSETCATALOG_COMPILER_GLOBAL_ACCENT_COLOR_NAME = AccentColor;
				CODE_SIGN_STYLE = Automatic;
				DEVELOPMENT_ASSET_PATHS = "\"ChessReader/Preview Content\"";
				ENABLE_PREVIEWS = YES;
				INFOPLIST_FILE = ChessReader/Info.plist;
				LD_RUNPATH_SEARCH_PATHS = (
					"$(inherited)",
					"@executable_path/Frameworks",
				);
				PRODUCT_BUNDLE_IDENTIFIER = theTestOrganiZation.ChessReader;
				PRODUCT_NAME = "$(TARGET_NAME)";
				SWIFT_VERSION = 5.0;
				TARGETED_DEVICE_FAMILY = "1,2";
			};
			name = Release;
		};
		518229CA25BF092F00974B3F /* Debug */ = {
			isa = XCBuildConfiguration;
			baseConfigurationReference = 0470B9F8726B7EC839F047A3 /* Pods-ChessReaderTests.debug.xcconfig */;
			buildSettings = {
				ALWAYS_EMBED_SWIFT_STANDARD_LIBRARIES = YES;
				BUNDLE_LOADER = "$(TEST_HOST)";
				CODE_SIGN_STYLE = Automatic;
				INFOPLIST_FILE = ChessReaderTests/Info.plist;
				IPHONEOS_DEPLOYMENT_TARGET = 14.3;
				LD_RUNPATH_SEARCH_PATHS = (
					"$(inherited)",
					"@executable_path/Frameworks",
					"@loader_path/Frameworks",
				);
				PRODUCT_BUNDLE_IDENTIFIER = theTestOrganiZation.ChessReaderTests;
				PRODUCT_NAME = "$(TARGET_NAME)";
				SWIFT_VERSION = 5.0;
				TARGETED_DEVICE_FAMILY = "1,2";
				TEST_HOST = "$(BUILT_PRODUCTS_DIR)/ChessReader.app/ChessReader";
			};
			name = Debug;
		};
		518229CB25BF092F00974B3F /* Release */ = {
			isa = XCBuildConfiguration;
			baseConfigurationReference = 8F613DBE50D6CB51B2987369 /* Pods-ChessReaderTests.release.xcconfig */;
			buildSettings = {
				ALWAYS_EMBED_SWIFT_STANDARD_LIBRARIES = YES;
				BUNDLE_LOADER = "$(TEST_HOST)";
				CODE_SIGN_STYLE = Automatic;
				INFOPLIST_FILE = ChessReaderTests/Info.plist;
				IPHONEOS_DEPLOYMENT_TARGET = 14.3;
				LD_RUNPATH_SEARCH_PATHS = (
					"$(inherited)",
					"@executable_path/Frameworks",
					"@loader_path/Frameworks",
				);
				PRODUCT_BUNDLE_IDENTIFIER = theTestOrganiZation.ChessReaderTests;
				PRODUCT_NAME = "$(TARGET_NAME)";
				SWIFT_VERSION = 5.0;
				TARGETED_DEVICE_FAMILY = "1,2";
				TEST_HOST = "$(BUILT_PRODUCTS_DIR)/ChessReader.app/ChessReader";
			};
			name = Release;
		};
		518229CD25BF092F00974B3F /* Debug */ = {
			isa = XCBuildConfiguration;
			baseConfigurationReference = F7C6814F29A4DA0D3934B34C /* Pods-ChessReader-ChessReaderUITests.debug.xcconfig */;
			buildSettings = {
				ALWAYS_EMBED_SWIFT_STANDARD_LIBRARIES = YES;
				CODE_SIGN_STYLE = Automatic;
				INFOPLIST_FILE = ChessReaderUITests/Info.plist;
				LD_RUNPATH_SEARCH_PATHS = (
					"$(inherited)",
					"@executable_path/Frameworks",
					"@loader_path/Frameworks",
				);
				PRODUCT_BUNDLE_IDENTIFIER = theTestOrganiZation.ChessReaderUITests;
				PRODUCT_NAME = "$(TARGET_NAME)";
				SWIFT_VERSION = 5.0;
				TARGETED_DEVICE_FAMILY = "1,2";
				TEST_TARGET_NAME = ChessReader;
			};
			name = Debug;
		};
		518229CE25BF092F00974B3F /* Release */ = {
			isa = XCBuildConfiguration;
			baseConfigurationReference = 7C88D70CB69FC000206A2C5C /* Pods-ChessReader-ChessReaderUITests.release.xcconfig */;
			buildSettings = {
				ALWAYS_EMBED_SWIFT_STANDARD_LIBRARIES = YES;
				CODE_SIGN_STYLE = Automatic;
				INFOPLIST_FILE = ChessReaderUITests/Info.plist;
				LD_RUNPATH_SEARCH_PATHS = (
					"$(inherited)",
					"@executable_path/Frameworks",
					"@loader_path/Frameworks",
				);
				PRODUCT_BUNDLE_IDENTIFIER = theTestOrganiZation.ChessReaderUITests;
				PRODUCT_NAME = "$(TARGET_NAME)";
				SWIFT_VERSION = 5.0;
				TARGETED_DEVICE_FAMILY = "1,2";
				TEST_TARGET_NAME = ChessReader;
			};
			name = Release;
		};
/* End XCBuildConfiguration section */

/* Begin XCConfigurationList section */
		5182299725BF092900974B3F /* Build configuration list for PBXProject "ChessReader" */ = {
			isa = XCConfigurationList;
			buildConfigurations = (
				518229C425BF092F00974B3F /* Debug */,
				518229C525BF092F00974B3F /* Release */,
			);
			defaultConfigurationIsVisible = 0;
			defaultConfigurationName = Release;
		};
		518229C625BF092F00974B3F /* Build configuration list for PBXNativeTarget "ChessReader" */ = {
			isa = XCConfigurationList;
			buildConfigurations = (
				518229C725BF092F00974B3F /* Debug */,
				518229C825BF092F00974B3F /* Release */,
			);
			defaultConfigurationIsVisible = 0;
			defaultConfigurationName = Release;
		};
		518229C925BF092F00974B3F /* Build configuration list for PBXNativeTarget "ChessReaderTests" */ = {
			isa = XCConfigurationList;
			buildConfigurations = (
				518229CA25BF092F00974B3F /* Debug */,
				518229CB25BF092F00974B3F /* Release */,
			);
			defaultConfigurationIsVisible = 0;
			defaultConfigurationName = Release;
		};
		518229CC25BF092F00974B3F /* Build configuration list for PBXNativeTarget "ChessReaderUITests" */ = {
			isa = XCConfigurationList;
			buildConfigurations = (
				518229CD25BF092F00974B3F /* Debug */,
				518229CE25BF092F00974B3F /* Release */,
			);
			defaultConfigurationIsVisible = 0;
			defaultConfigurationName = Release;
		};
/* End XCConfigurationList section */
	};
	rootObject = 5182299425BF092900974B3F /* Project object */;
}
